// !$*UTF8*$!
{
	archiveVersion = 1;
	classes = {
	};
	objectVersion = 55;
	objects = {

/* Begin PBXBuildFile section */
		855A701A28F8814D004F3E8C /* UIView+Pin.swift in Sources */ = {isa = PBXBuildFile; fileRef = 855A701928F8814D004F3E8C /* UIView+Pin.swift */; };
		855A701C28F88165004F3E8C /* ColorPaletteView.swift in Sources */ = {isa = PBXBuildFile; fileRef = 855A701B28F88165004F3E8C /* ColorPaletteView.swift */; };
		855A701E28F88175004F3E8C /* ColorPaletteView+SV.swift in Sources */ = {isa = PBXBuildFile; fileRef = 855A701D28F88175004F3E8C /* ColorPaletteView+SV.swift */; };
		855A702028F896C1004F3E8C /* NotesViewController.swift in Sources */ = {isa = PBXBuildFile; fileRef = 855A701F28F896C1004F3E8C /* NotesViewController.swift */; };
		855A702228F899EC004F3E8C /* ShortNote.swift in Sources */ = {isa = PBXBuildFile; fileRef = 855A702128F899EC004F3E8C /* ShortNote.swift */; };
		855A702428F89AF1004F3E8C /* AddNoteCell.swift in Sources */ = {isa = PBXBuildFile; fileRef = 855A702328F89AF1004F3E8C /* AddNoteCell.swift */; };
		855A702628F8A5CA004F3E8C /* NoteCell.swift in Sources */ = {isa = PBXBuildFile; fileRef = 855A702528F8A5CA004F3E8C /* NoteCell.swift */; };
		85ACA69528F87EF800CB2888 /* AppDelegate.swift in Sources */ = {isa = PBXBuildFile; fileRef = 85ACA69428F87EF800CB2888 /* AppDelegate.swift */; };
		85ACA69728F87EF800CB2888 /* SceneDelegate.swift in Sources */ = {isa = PBXBuildFile; fileRef = 85ACA69628F87EF800CB2888 /* SceneDelegate.swift */; };
		85ACA69928F87EF800CB2888 /* ViewController.swift in Sources */ = {isa = PBXBuildFile; fileRef = 85ACA69828F87EF800CB2888 /* ViewController.swift */; };
		85ACA69E28F87EFA00CB2888 /* Assets.xcassets in Resources */ = {isa = PBXBuildFile; fileRef = 85ACA69D28F87EFA00CB2888 /* Assets.xcassets */; };
/* End PBXBuildFile section */

/* Begin PBXFileReference section */
		855A701928F8814D004F3E8C /* UIView+Pin.swift */ = {isa = PBXFileReference; lastKnownFileType = sourcecode.swift; path = "UIView+Pin.swift"; sourceTree = "<group>"; };
		855A701B28F88165004F3E8C /* ColorPaletteView.swift */ = {isa = PBXFileReference; lastKnownFileType = sourcecode.swift; path = ColorPaletteView.swift; sourceTree = "<group>"; };
		855A701D28F88175004F3E8C /* ColorPaletteView+SV.swift */ = {isa = PBXFileReference; lastKnownFileType = sourcecode.swift; path = "ColorPaletteView+SV.swift"; sourceTree = "<group>"; };
		855A701F28F896C1004F3E8C /* NotesViewController.swift */ = {isa = PBXFileReference; lastKnownFileType = sourcecode.swift; path = NotesViewController.swift; sourceTree = "<group>"; };
		855A702128F899EC004F3E8C /* ShortNote.swift */ = {isa = PBXFileReference; lastKnownFileType = sourcecode.swift; path = ShortNote.swift; sourceTree = "<group>"; };
		855A702328F89AF1004F3E8C /* AddNoteCell.swift */ = {isa = PBXFileReference; lastKnownFileType = sourcecode.swift; path = AddNoteCell.swift; sourceTree = "<group>"; };
		855A702528F8A5CA004F3E8C /* NoteCell.swift */ = {isa = PBXFileReference; lastKnownFileType = sourcecode.swift; path = NoteCell.swift; sourceTree = "<group>"; };
		85ACA69128F87EF800CB2888 /* sabobruskinaHW4.app */ = {isa = PBXFileReference; explicitFileType = wrapper.application; includeInIndex = 0; path = sabobruskinaHW4.app; sourceTree = BUILT_PRODUCTS_DIR; };
		85ACA69428F87EF800CB2888 /* AppDelegate.swift */ = {isa = PBXFileReference; lastKnownFileType = sourcecode.swift; path = AppDelegate.swift; sourceTree = "<group>"; };
		85ACA69628F87EF800CB2888 /* SceneDelegate.swift */ = {isa = PBXFileReference; lastKnownFileType = sourcecode.swift; path = SceneDelegate.swift; sourceTree = "<group>"; };
		85ACA69828F87EF800CB2888 /* ViewController.swift */ = {isa = PBXFileReference; lastKnownFileType = sourcecode.swift; path = ViewController.swift; sourceTree = "<group>"; };
		85ACA69D28F87EFA00CB2888 /* Assets.xcassets */ = {isa = PBXFileReference; lastKnownFileType = folder.assetcatalog; path = Assets.xcassets; sourceTree = "<group>"; };
		85ACA6A228F87EFA00CB2888 /* Info.plist */ = {isa = PBXFileReference; lastKnownFileType = text.plist.xml; path = Info.plist; sourceTree = "<group>"; };
/* End PBXFileReference section */

/* Begin PBXFrameworksBuildPhase section */
		85ACA68E28F87EF800CB2888 /* Frameworks */ = {
			isa = PBXFrameworksBuildPhase;
			buildActionMask = 2147483647;
			files = (
			);
			runOnlyForDeploymentPostprocessing = 0;
		};
/* End PBXFrameworksBuildPhase section */

/* Begin PBXGroup section */
		85ACA68828F87EF800CB2888 = {
			isa = PBXGroup;
			children = (
				85ACA69328F87EF800CB2888 /* sabobruskinaHW4 */,
				85ACA69228F87EF800CB2888 /* Products */,
			);
			sourceTree = "<group>";
		};
		85ACA69228F87EF800CB2888 /* Products */ = {
			isa = PBXGroup;
			children = (
				85ACA69128F87EF800CB2888 /* sabobruskinaHW4.app */,
			);
			name = Products;
			sourceTree = "<group>";
		};
		85ACA69328F87EF800CB2888 /* sabobruskinaHW4 */ = {
			isa = PBXGroup;
			children = (
				855A701F28F896C1004F3E8C /* NotesViewController.swift */,
				85ACA69428F87EF800CB2888 /* AppDelegate.swift */,
				85ACA69628F87EF800CB2888 /* SceneDelegate.swift */,
				85ACA69828F87EF800CB2888 /* ViewController.swift */,
				85ACA69D28F87EFA00CB2888 /* Assets.xcassets */,
				85ACA6A228F87EFA00CB2888 /* Info.plist */,
				855A701928F8814D004F3E8C /* UIView+Pin.swift */,
				855A701B28F88165004F3E8C /* ColorPaletteView.swift */,
				855A701D28F88175004F3E8C /* ColorPaletteView+SV.swift */,
				855A702128F899EC004F3E8C /* ShortNote.swift */,
				855A702328F89AF1004F3E8C /* AddNoteCell.swift */,
				855A702528F8A5CA004F3E8C /* NoteCell.swift */,
			);
			path = sabobruskinaHW4;
			sourceTree = "<group>";
		};
/* End PBXGroup section */

/* Begin PBXNativeTarget section */
		85ACA69028F87EF800CB2888 /* sabobruskinaHW4 */ = {
			isa = PBXNativeTarget;
			buildConfigurationList = 85ACA6A528F87EFA00CB2888 /* Build configuration list for PBXNativeTarget "sabobruskinaHW4" */;
			buildPhases = (
				85ACA68D28F87EF800CB2888 /* Sources */,
				85ACA68E28F87EF800CB2888 /* Frameworks */,
				85ACA68F28F87EF800CB2888 /* Resources */,
			);
			buildRules = (
			);
			dependencies = (
			);
			name = sabobruskinaHW4;
			productName = sabobruskinaHW4;
			productReference = 85ACA69128F87EF800CB2888 /* sabobruskinaHW4.app */;
			productType = "com.apple.product-type.application";
		};
/* End PBXNativeTarget section */

/* Begin PBXProject section */
		85ACA68928F87EF800CB2888 /* Project object */ = {
			isa = PBXProject;
			attributes = {
				BuildIndependentTargetsInParallel = 1;
				LastSwiftUpdateCheck = 1340;
				LastUpgradeCheck = 1340;
				TargetAttributes = {
					85ACA69028F87EF800CB2888 = {
						CreatedOnToolsVersion = 13.4.1;
					};
				};
			};
			buildConfigurationList = 85ACA68C28F87EF800CB2888 /* Build configuration list for PBXProject "sabobruskinaHW4" */;
			compatibilityVersion = "Xcode 13.0";
			developmentRegion = en;
			hasScannedForEncodings = 0;
			knownRegions = (
				en,
				Base,
			);
			mainGroup = 85ACA68828F87EF800CB2888;
			productRefGroup = 85ACA69228F87EF800CB2888 /* Products */;
			projectDirPath = "";
			projectRoot = "";
			targets = (
				85ACA69028F87EF800CB2888 /* sabobruskinaHW4 */,
			);
		};
/* End PBXProject section */

/* Begin PBXResourcesBuildPhase section */
		85ACA68F28F87EF800CB2888 /* Resources */ = {
			isa = PBXResourcesBuildPhase;
			buildActionMask = 2147483647;
			files = (
				85ACA69E28F87EFA00CB2888 /* Assets.xcassets in Resources */,
			);
			runOnlyForDeploymentPostprocessing = 0;
		};
/* End PBXResourcesBuildPhase section */

/* Begin PBXSourcesBuildPhase section */
		85ACA68D28F87EF800CB2888 /* Sources */ = {
			isa = PBXSourcesBuildPhase;
			buildActionMask = 2147483647;
			files = (
				855A702228F899EC004F3E8C /* ShortNote.swift in Sources */,
				85ACA69928F87EF800CB2888 /* ViewController.swift in Sources */,
				855A701E28F88175004F3E8C /* ColorPaletteView+SV.swift in Sources */,
				855A701C28F88165004F3E8C /* ColorPaletteView.swift in Sources */,
				855A702428F89AF1004F3E8C /* AddNoteCell.swift in Sources */,
				855A702028F896C1004F3E8C /* NotesViewController.swift in Sources */,
				85ACA69528F87EF800CB2888 /* AppDelegate.swift in Sources */,
				855A702628F8A5CA004F3E8C /* NoteCell.swift in Sources */,
				855A701A28F8814D004F3E8C /* UIView+Pin.swift in Sources */,
				85ACA69728F87EF800CB2888 /* SceneDelegate.swift in Sources */,
			);
			runOnlyForDeploymentPostprocessing = 0;
		};
/* End PBXSourcesBuildPhase section */

/* Begin XCBuildConfiguration section */
		85ACA6A328F87EFA00CB2888 /* Debug */ = {
			isa = XCBuildConfiguration;
			buildSettings = {
				ALWAYS_SEARCH_USER_PATHS = NO;
				CLANG_ANALYZER_NONNULL = YES;
				CLANG_ANALYZER_NUMBER_OBJECT_CONVERSION = YES_AGGRESSIVE;
				CLANG_CXX_LANGUAGE_STANDARD = "gnu++17";
				CLANG_ENABLE_MODULES = YES;
				CLANG_ENABLE_OBJC_ARC = YES;
				CLANG_ENABLE_OBJC_WEAK = YES;
				CLANG_WARN_BLOCK_CAPTURE_AUTORELEASING = YES;
				CLANG_WARN_BOOL_CONVERSION = YES;
				CLANG_WARN_COMMA = YES;
				CLANG_WARN_CONSTANT_CONVERSION = YES;
				CLANG_WARN_DEPRECATED_OBJC_IMPLEMENTATIONS = YES;
				CLANG_WARN_DIRECT_OBJC_ISA_USAGE = YES_ERROR;
				CLANG_WARN_DOCUMENTATION_COMMENTS = YES;
				CLANG_WARN_EMPTY_BODY = YES;
				CLANG_WARN_ENUM_CONVERSION = YES;
				CLANG_WARN_INFINITE_RECURSION = YES;
				CLANG_WARN_INT_CONVERSION = YES;
				CLANG_WARN_NON_LITERAL_NULL_CONVERSION = YES;
				CLANG_WARN_OBJC_IMPLICIT_RETAIN_SELF = YES;
				CLANG_WARN_OBJC_LITERAL_CONVERSION = YES;
				CLANG_WARN_OBJC_ROOT_CLASS = YES_ERROR;
				CLANG_WARN_QUOTED_INCLUDE_IN_FRAMEWORK_HEADER = YES;
				CLANG_WARN_RANGE_LOOP_ANALYSIS = YES;
				CLANG_WARN_STRICT_PROTOTYPES = YES;
				CLANG_WARN_SUSPICIOUS_MOVE = YES;
				CLANG_WARN_UNGUARDED_AVAILABILITY = YES_AGGRESSIVE;
				CLANG_WARN_UNREACHABLE_CODE = YES;
				CLANG_WARN__DUPLICATE_METHOD_MATCH = YES;
				COPY_PHASE_STRIP = NO;
				DEBUG_INFORMATION_FORMAT = dwarf;
				ENABLE_STRICT_OBJC_MSGSEND = YES;
				ENABLE_TESTABILITY = YES;
				GCC_C_LANGUAGE_STANDARD = gnu11;
				GCC_DYNAMIC_NO_PIC = NO;
				GCC_NO_COMMON_BLOCKS = YES;
				GCC_OPTIMIZATION_LEVEL = 0;
				GCC_PREPROCESSOR_DEFINITIONS = (
					"DEBUG=1",
					"$(inherited)",
				);
				GCC_WARN_64_TO_32_BIT_CONVERSION = YES;
				GCC_WARN_ABOUT_RETURN_TYPE = YES_ERROR;
				GCC_WARN_UNDECLARED_SELECTOR = YES;
				GCC_WARN_UNINITIALIZED_AUTOS = YES_AGGRESSIVE;
				GCC_WARN_UNUSED_FUNCTION = YES;
				GCC_WARN_UNUSED_VARIABLE = YES;
				IPHONEOS_DEPLOYMENT_TARGET = 15.5;
				MTL_ENABLE_DEBUG_INFO = INCLUDE_SOURCE;
				MTL_FAST_MATH = YES;
				ONLY_ACTIVE_ARCH = YES;
				SDKROOT = iphoneos;
				SWIFT_ACTIVE_COMPILATION_CONDITIONS = DEBUG;
				SWIFT_OPTIMIZATION_LEVEL = "-Onone";
			};
			name = Debug;
		};
		85ACA6A428F87EFA00CB2888 /* Release */ = {
			isa = XCBuildConfiguration;
			buildSettings = {
				ALWAYS_SEARCH_USER_PATHS = NO;
				CLANG_ANALYZER_NONNULL = YES;
				CLANG_ANALYZER_NUMBER_OBJECT_CONVERSION = YES_AGGRESSIVE;
				CLANG_CXX_LANGUAGE_STANDARD = "gnu++17";
				CLANG_ENABLE_MODULES = YES;
				CLANG_ENABLE_OBJC_ARC = YES;
				CLANG_ENABLE_OBJC_WEAK = YES;
				CLANG_WARN_BLOCK_CAPTURE_AUTORELEASING = YES;
				CLANG_WARN_BOOL_CONVERSION = YES;
				CLANG_WARN_COMMA = YES;
				CLANG_WARN_CONSTANT_CONVERSION = YES;
				CLANG_WARN_DEPRECATED_OBJC_IMPLEMENTATIONS = YES;
				CLANG_WARN_DIRECT_OBJC_ISA_USAGE = YES_ERROR;
				CLANG_WARN_DOCUMENTATION_COMMENTS = YES;
				CLANG_WARN_EMPTY_BODY = YES;
				CLANG_WARN_ENUM_CONVERSION = YES;
				CLANG_WARN_INFINITE_RECURSION = YES;
				CLANG_WARN_INT_CONVERSION = YES;
				CLANG_WARN_NON_LITERAL_NULL_CONVERSION = YES;
				CLANG_WARN_OBJC_IMPLICIT_RETAIN_SELF = YES;
				CLANG_WARN_OBJC_LITERAL_CONVERSION = YES;
				CLANG_WARN_OBJC_ROOT_CLASS = YES_ERROR;
				CLANG_WARN_QUOTED_INCLUDE_IN_FRAMEWORK_HEADER = YES;
				CLANG_WARN_RANGE_LOOP_ANALYSIS = YES;
				CLANG_WARN_STRICT_PROTOTYPES = YES;
				CLANG_WARN_SUSPICIOUS_MOVE = YES;
				CLANG_WARN_UNGUARDED_AVAILABILITY = YES_AGGRESSIVE;
				CLANG_WARN_UNREACHABLE_CODE = YES;
				CLANG_WARN__DUPLICATE_METHOD_MATCH = YES;
				COPY_PHASE_STRIP = NO;
				DEBUG_INFORMATION_FORMAT = "dwarf-with-dsym";
				ENABLE_NS_ASSERTIONS = NO;
				ENABLE_STRICT_OBJC_MSGSEND = YES;
				GCC_C_LANGUAGE_STANDARD = gnu11;
				GCC_NO_COMMON_BLOCKS = YES;
				GCC_WARN_64_TO_32_BIT_CONVERSION = YES;
				GCC_WARN_ABOUT_RETURN_TYPE = YES_ERROR;
				GCC_WARN_UNDECLARED_SELECTOR = YES;
				GCC_WARN_UNINITIALIZED_AUTOS = YES_AGGRESSIVE;
				GCC_WARN_UNUSED_FUNCTION = YES;
				GCC_WARN_UNUSED_VARIABLE = YES;
				IPHONEOS_DEPLOYMENT_TARGET = 15.5;
				MTL_ENABLE_DEBUG_INFO = NO;
				MTL_FAST_MATH = YES;
				SDKROOT = iphoneos;
				SWIFT_COMPILATION_MODE = wholemodule;
				SWIFT_OPTIMIZATION_LEVEL = "-O";
				VALIDATE_PRODUCT = YES;
			};
			name = Release;
		};
		85ACA6A628F87EFA00CB2888 /* Debug */ = {
			isa = XCBuildConfiguration;
			buildSettings = {
				ASSETCATALOG_COMPILER_APPICON_NAME = AppIcon;
				ASSETCATALOG_COMPILER_GLOBAL_ACCENT_COLOR_NAME = AccentColor;
				CODE_SIGN_STYLE = Automatic;
				CURRENT_PROJECT_VERSION = 1;
				GENERATE_INFOPLIST_FILE = YES;
				INFOPLIST_FILE = sabobruskinaHW4/Info.plist;
				INFOPLIST_KEY_UIApplicationSupportsIndirectInputEvents = YES;
				INFOPLIST_KEY_UILaunchStoryboardName = LaunchScreen;
				INFOPLIST_KEY_UISupportedInterfaceOrientations_iPad = "UIInterfaceOrientationPortrait UIInterfaceOrientationPortraitUpsideDown UIInterfaceOrientationLandscapeLeft UIInterfaceOrientationLandscapeRight";
				INFOPLIST_KEY_UISupportedInterfaceOrientations_iPhone = "UIInterfaceOrientationPortrait UIInterfaceOrientationLandscapeLeft UIInterfaceOrientationLandscapeRight";
				LD_RUNPATH_SEARCH_PATHS = (
					"$(inherited)",
					"@executable_path/Frameworks",
				);
				MARKETING_VERSION = 1.0;
				PRODUCT_BUNDLE_IDENTIFIER = com.hse.sabobruskinaHW4;
				PRODUCT_NAME = "$(TARGET_NAME)";
				SWIFT_EMIT_LOC_STRINGS = YES;
				SWIFT_VERSION = 5.0;
				TARGETED_DEVICE_FAMILY = "1,2";
			};
			name = Debug;
		};
		85ACA6A728F87EFA00CB2888 /* Release */ = {
			isa = XCBuildConfiguration;
			buildSettings = {
				ASSETCATALOG_COMPILER_APPICON_NAME = AppIcon;
				ASSETCATALOG_COMPILER_GLOBAL_ACCENT_COLOR_NAME = AccentColor;
				CODE_SIGN_STYLE = Automatic;
				CURRENT_PROJECT_VERSION = 1;
				GENERATE_INFOPLIST_FILE = YES;
				INFOPLIST_FILE = sabobruskinaHW4/Info.plist;
				INFOPLIST_KEY_UIApplicationSupportsIndirectInputEvents = YES;
				INFOPLIST_KEY_UILaunchStoryboardName = LaunchScreen;
				INFOPLIST_KEY_UISupportedInterfaceOrientations_iPad = "UIInterfaceOrientationPortrait UIInterfaceOrientationPortraitUpsideDown UIInterfaceOrientationLandscapeLeft UIInterfaceOrientationLandscapeRight";
				INFOPLIST_KEY_UISupportedInterfaceOrientations_iPhone = "UIInterfaceOrientationPortrait UIInterfaceOrientationLandscapeLeft UIInterfaceOrientationLandscapeRight";
				LD_RUNPATH_SEARCH_PATHS = (
					"$(inherited)",
					"@executable_path/Frameworks",
				);
				MARKETING_VERSION = 1.0;
				PRODUCT_BUNDLE_IDENTIFIER = com.hse.sabobruskinaHW4;
				PRODUCT_NAME = "$(TARGET_NAME)";
				SWIFT_EMIT_LOC_STRINGS = YES;
				SWIFT_VERSION = 5.0;
				TARGETED_DEVICE_FAMILY = "1,2";
			};
			name = Release;
		};
/* End XCBuildConfiguration section */

/* Begin XCConfigurationList section */
		85ACA68C28F87EF800CB2888 /* Build configuration list for PBXProject "sabobruskinaHW4" */ = {
			isa = XCConfigurationList;
			buildConfigurations = (
				85ACA6A328F87EFA00CB2888 /* Debug */,
				85ACA6A428F87EFA00CB2888 /* Release */,
			);
			defaultConfigurationIsVisible = 0;
			defaultConfigurationName = Release;
		};
		85ACA6A528F87EFA00CB2888 /* Build configuration list for PBXNativeTarget "sabobruskinaHW4" */ = {
			isa = XCConfigurationList;
			buildConfigurations = (
				85ACA6A628F87EFA00CB2888 /* Debug */,
				85ACA6A728F87EFA00CB2888 /* Release */,
			);
			defaultConfigurationIsVisible = 0;
			defaultConfigurationName = Release;
		};
/* End XCConfigurationList section */
	};
	rootObject = 85ACA68928F87EF800CB2888 /* Project object */;
}
