// !$*UTF8*$!
{
	archiveVersion = 1;
	classes = {
	};
	objectVersion = 55;
	objects = {

/* Begin PBXBuildFile section */
		8553580928E6E0E1004BEBD7 /* AppDelegate.swift in Sources */ = {isa = PBXBuildFile; fileRef = 8553580828E6E0E1004BEBD7 /* AppDelegate.swift */; };
		8553580B28E6E0E1004BEBD7 /* SceneDelegate.swift in Sources */ = {isa = PBXBuildFile; fileRef = 8553580A28E6E0E1004BEBD7 /* SceneDelegate.swift */; };
		8553580D28E6E0E1004BEBD7 /* ViewController.swift in Sources */ = {isa = PBXBuildFile; fileRef = 8553580C28E6E0E1004BEBD7 /* ViewController.swift */; };
		8553581228E6E0E3004BEBD7 /* Assets.xcassets in Resources */ = {isa = PBXBuildFile; fileRef = 8553581128E6E0E3004BEBD7 /* Assets.xcassets */; };
		8553581E28E6E195004BEBD7 /* UIView+Pin.swift in Sources */ = {isa = PBXBuildFile; fileRef = 8553581D28E6E195004BEBD7 /* UIView+Pin.swift */; };
		8553582128E6E2F2004BEBD7 /* ColorPaletteView.swift in Sources */ = {isa = PBXBuildFile; fileRef = 8553582028E6E2F2004BEBD7 /* ColorPaletteView.swift */; };
		8553582328E6ED4C004BEBD7 /* ColorPaletteView+SV.swift in Sources */ = {isa = PBXBuildFile; fileRef = 8553582228E6ED4C004BEBD7 /* ColorPaletteView+SV.swift */; };
/* End PBXBuildFile section */

/* Begin PBXFileReference section */
		8553580528E6E0E1004BEBD7 /* sabobruskinaHW3.app */ = {isa = PBXFileReference; explicitFileType = wrapper.application; includeInIndex = 0; path = sabobruskinaHW3.app; sourceTree = BUILT_PRODUCTS_DIR; };
		8553580828E6E0E1004BEBD7 /* AppDelegate.swift */ = {isa = PBXFileReference; lastKnownFileType = sourcecode.swift; path = AppDelegate.swift; sourceTree = "<group>"; };
		8553580A28E6E0E1004BEBD7 /* SceneDelegate.swift */ = {isa = PBXFileReference; lastKnownFileType = sourcecode.swift; path = SceneDelegate.swift; sourceTree = "<group>"; };
		8553580C28E6E0E1004BEBD7 /* ViewController.swift */ = {isa = PBXFileReference; lastKnownFileType = sourcecode.swift; path = ViewController.swift; sourceTree = "<group>"; };
		8553581128E6E0E3004BEBD7 /* Assets.xcassets */ = {isa = PBXFileReference; lastKnownFileType = folder.assetcatalog; path = Assets.xcassets; sourceTree = "<group>"; };
		8553581628E6E0E3004BEBD7 /* Info.plist */ = {isa = PBXFileReference; lastKnownFileType = text.plist.xml; path = Info.plist; sourceTree = "<group>"; };
		8553581D28E6E195004BEBD7 /* UIView+Pin.swift */ = {isa = PBXFileReference; lastKnownFileType = sourcecode.swift; path = "UIView+Pin.swift"; sourceTree = "<group>"; };
		8553582028E6E2F2004BEBD7 /* ColorPaletteView.swift */ = {isa = PBXFileReference; lastKnownFileType = sourcecode.swift; path = ColorPaletteView.swift; sourceTree = "<group>"; };
		8553582228E6ED4C004BEBD7 /* ColorPaletteView+SV.swift */ = {isa = PBXFileReference; lastKnownFileType = sourcecode.swift; path = "ColorPaletteView+SV.swift"; sourceTree = "<group>"; };
/* End PBXFileReference section */

/* Begin PBXFrameworksBuildPhase section */
		8553580228E6E0E1004BEBD7 /* Frameworks */ = {
			isa = PBXFrameworksBuildPhase;
			buildActionMask = 2147483647;
			files = (
			);
			runOnlyForDeploymentPostprocessing = 0;
		};
/* End PBXFrameworksBuildPhase section */

/* Begin PBXGroup section */
		855357FC28E6E0E1004BEBD7 = {
			isa = PBXGroup;
			children = (
				8553580728E6E0E1004BEBD7 /* sabobruskinaHW3 */,
				8553580628E6E0E1004BEBD7 /* Products */,
			);
			sourceTree = "<group>";
		};
		8553580628E6E0E1004BEBD7 /* Products */ = {
			isa = PBXGroup;
			children = (
				8553580528E6E0E1004BEBD7 /* sabobruskinaHW3.app */,
			);
			name = Products;
			sourceTree = "<group>";
		};
		8553580728E6E0E1004BEBD7 /* sabobruskinaHW3 */ = {
			isa = PBXGroup;
			children = (
				8553581F28E6E1B4004BEBD7 /* Controllers */,
				8553581C28E6E171004BEBD7 /* Views */,
				8553580828E6E0E1004BEBD7 /* AppDelegate.swift */,
				8553580A28E6E0E1004BEBD7 /* SceneDelegate.swift */,
				8553581128E6E0E3004BEBD7 /* Assets.xcassets */,
				8553581628E6E0E3004BEBD7 /* Info.plist */,
			);
			path = sabobruskinaHW3;
			sourceTree = "<group>";
		};
		8553581C28E6E171004BEBD7 /* Views */ = {
			isa = PBXGroup;
			children = (
				8553581D28E6E195004BEBD7 /* UIView+Pin.swift */,
				8553582028E6E2F2004BEBD7 /* ColorPaletteView.swift */,
				8553582228E6ED4C004BEBD7 /* ColorPaletteView+SV.swift */,
			);
			path = Views;
			sourceTree = "<group>";
		};
		8553581F28E6E1B4004BEBD7 /* Controllers */ = {
			isa = PBXGroup;
			children = (
				8553580C28E6E0E1004BEBD7 /* ViewController.swift */,
			);
			path = Controllers;
			sourceTree = "<group>";
		};
/* End PBXGroup section */

/* Begin PBXNativeTarget section */
		8553580428E6E0E1004BEBD7 /* sabobruskinaHW3 */ = {
			isa = PBXNativeTarget;
			buildConfigurationList = 8553581928E6E0E3004BEBD7 /* Build configuration list for PBXNativeTarget "sabobruskinaHW3" */;
			buildPhases = (
				8553580128E6E0E1004BEBD7 /* Sources */,
				8553580228E6E0E1004BEBD7 /* Frameworks */,
				8553580328E6E0E1004BEBD7 /* Resources */,
			);
			buildRules = (
			);
			dependencies = (
			);
			name = sabobruskinaHW3;
			productName = sabobruskinaHW3;
			productReference = 8553580528E6E0E1004BEBD7 /* sabobruskinaHW3.app */;
			productType = "com.apple.product-type.application";
		};
/* End PBXNativeTarget section */

/* Begin PBXProject section */
		855357FD28E6E0E1004BEBD7 /* Project object */ = {
			isa = PBXProject;
			attributes = {
				BuildIndependentTargetsInParallel = 1;
				LastSwiftUpdateCheck = 1340;
				LastUpgradeCheck = 1340;
				TargetAttributes = {
					8553580428E6E0E1004BEBD7 = {
						CreatedOnToolsVersion = 13.4.1;
					};
				};
			};
			buildConfigurationList = 8553580028E6E0E1004BEBD7 /* Build configuration list for PBXProject "sabobruskinaHW3" */;
			compatibilityVersion = "Xcode 13.0";
			developmentRegion = en;
			hasScannedForEncodings = 0;
			knownRegions = (
				en,
				Base,
			);
			mainGroup = 855357FC28E6E0E1004BEBD7;
			productRefGroup = 8553580628E6E0E1004BEBD7 /* Products */;
			projectDirPath = "";
			projectRoot = "";
			targets = (
				8553580428E6E0E1004BEBD7 /* sabobruskinaHW3 */,
			);
		};
/* End PBXProject section */

/* Begin PBXResourcesBuildPhase section */
		8553580328E6E0E1004BEBD7 /* Resources */ = {
			isa = PBXResourcesBuildPhase;
			buildActionMask = 2147483647;
			files = (
				8553581228E6E0E3004BEBD7 /* Assets.xcassets in Resources */,
			);
			runOnlyForDeploymentPostprocessing = 0;
		};
/* End PBXResourcesBuildPhase section */

/* Begin PBXSourcesBuildPhase section */
		8553580128E6E0E1004BEBD7 /* Sources */ = {
			isa = PBXSourcesBuildPhase;
			buildActionMask = 2147483647;
			files = (
				8553580D28E6E0E1004BEBD7 /* ViewController.swift in Sources */,
				8553582328E6ED4C004BEBD7 /* ColorPaletteView+SV.swift in Sources */,
				8553582128E6E2F2004BEBD7 /* ColorPaletteView.swift in Sources */,
				8553580928E6E0E1004BEBD7 /* AppDelegate.swift in Sources */,
				8553581E28E6E195004BEBD7 /* UIView+Pin.swift in Sources */,
				8553580B28E6E0E1004BEBD7 /* SceneDelegate.swift in Sources */,
			);
			runOnlyForDeploymentPostprocessing = 0;
		};
/* End PBXSourcesBuildPhase section */

/* Begin XCBuildConfiguration section */
		8553581728E6E0E3004BEBD7 /* Debug */ = {
			isa = XCBuildConfiguration;
			buildSettings = {
				ALWAYS_SEARCH_USER_PATHS = NO;
				CLANG_ANALYZER_NONNULL = YES;
				CLANG_ANALYZER_NUMBER_OBJECT_CONVERSION = YES_AGGRESSIVE;
				CLANG_CXX_LANGUAGE_STANDARD = "gnu++17";
				CLANG_ENABLE_MODULES = YES;
				CLANG_ENABLE_OBJC_ARC = YES;
				CLANG_ENABLE_OBJC_WEAK = YES;
				CLANG_WARN_BLOCK_CAPTURE_AUTORELEASING = YES;
				CLANG_WARN_BOOL_CONVERSION = YES;
				CLANG_WARN_COMMA = YES;
				CLANG_WARN_CONSTANT_CONVERSION = YES;
				CLANG_WARN_DEPRECATED_OBJC_IMPLEMENTATIONS = YES;
				CLANG_WARN_DIRECT_OBJC_ISA_USAGE = YES_ERROR;
				CLANG_WARN_DOCUMENTATION_COMMENTS = YES;
				CLANG_WARN_EMPTY_BODY = YES;
				CLANG_WARN_ENUM_CONVERSION = YES;
				CLANG_WARN_INFINITE_RECURSION = YES;
				CLANG_WARN_INT_CONVERSION = YES;
				CLANG_WARN_NON_LITERAL_NULL_CONVERSION = YES;
				CLANG_WARN_OBJC_IMPLICIT_RETAIN_SELF = YES;
				CLANG_WARN_OBJC_LITERAL_CONVERSION = YES;
				CLANG_WARN_OBJC_ROOT_CLASS = YES_ERROR;
				CLANG_WARN_QUOTED_INCLUDE_IN_FRAMEWORK_HEADER = YES;
				CLANG_WARN_RANGE_LOOP_ANALYSIS = YES;
				CLANG_WARN_STRICT_PROTOTYPES = YES;
				CLANG_WARN_SUSPICIOUS_MOVE = YES;
				CLANG_WARN_UNGUARDED_AVAILABILITY = YES_AGGRESSIVE;
				CLANG_WARN_UNREACHABLE_CODE = YES;
				CLANG_WARN__DUPLICATE_METHOD_MATCH = YES;
				COPY_PHASE_STRIP = NO;
				DEBUG_INFORMATION_FORMAT = dwarf;
				ENABLE_STRICT_OBJC_MSGSEND = YES;
				ENABLE_TESTABILITY = YES;
				GCC_C_LANGUAGE_STANDARD = gnu11;
				GCC_DYNAMIC_NO_PIC = NO;
				GCC_NO_COMMON_BLOCKS = YES;
				GCC_OPTIMIZATION_LEVEL = 0;
				GCC_PREPROCESSOR_DEFINITIONS = (
					"DEBUG=1",
					"$(inherited)",
				);
				GCC_WARN_64_TO_32_BIT_CONVERSION = YES;
				GCC_WARN_ABOUT_RETURN_TYPE = YES_ERROR;
				GCC_WARN_UNDECLARED_SELECTOR = YES;
				GCC_WARN_UNINITIALIZED_AUTOS = YES_AGGRESSIVE;
				GCC_WARN_UNUSED_FUNCTION = YES;
				GCC_WARN_UNUSED_VARIABLE = YES;
				IPHONEOS_DEPLOYMENT_TARGET = 15.5;
				MTL_ENABLE_DEBUG_INFO = INCLUDE_SOURCE;
				MTL_FAST_MATH = YES;
				ONLY_ACTIVE_ARCH = YES;
				SDKROOT = iphoneos;
				SWIFT_ACTIVE_COMPILATION_CONDITIONS = DEBUG;
				SWIFT_OPTIMIZATION_LEVEL = "-Onone";
			};
			name = Debug;
		};
		8553581828E6E0E3004BEBD7 /* Release */ = {
			isa = XCBuildConfiguration;
			buildSettings = {
				ALWAYS_SEARCH_USER_PATHS = NO;
				CLANG_ANALYZER_NONNULL = YES;
				CLANG_ANALYZER_NUMBER_OBJECT_CONVERSION = YES_AGGRESSIVE;
				CLANG_CXX_LANGUAGE_STANDARD = "gnu++17";
				CLANG_ENABLE_MODULES = YES;
				CLANG_ENABLE_OBJC_ARC = YES;
				CLANG_ENABLE_OBJC_WEAK = YES;
				CLANG_WARN_BLOCK_CAPTURE_AUTORELEASING = YES;
				CLANG_WARN_BOOL_CONVERSION = YES;
				CLANG_WARN_COMMA = YES;
				CLANG_WARN_CONSTANT_CONVERSION = YES;
				CLANG_WARN_DEPRECATED_OBJC_IMPLEMENTATIONS = YES;
				CLANG_WARN_DIRECT_OBJC_ISA_USAGE = YES_ERROR;
				CLANG_WARN_DOCUMENTATION_COMMENTS = YES;
				CLANG_WARN_EMPTY_BODY = YES;
				CLANG_WARN_ENUM_CONVERSION = YES;
				CLANG_WARN_INFINITE_RECURSION = YES;
				CLANG_WARN_INT_CONVERSION = YES;
				CLANG_WARN_NON_LITERAL_NULL_CONVERSION = YES;
				CLANG_WARN_OBJC_IMPLICIT_RETAIN_SELF = YES;
				CLANG_WARN_OBJC_LITERAL_CONVERSION = YES;
				CLANG_WARN_OBJC_ROOT_CLASS = YES_ERROR;
				CLANG_WARN_QUOTED_INCLUDE_IN_FRAMEWORK_HEADER = YES;
				CLANG_WARN_RANGE_LOOP_ANALYSIS = YES;
				CLANG_WARN_STRICT_PROTOTYPES = YES;
				CLANG_WARN_SUSPICIOUS_MOVE = YES;
				CLANG_WARN_UNGUARDED_AVAILABILITY = YES_AGGRESSIVE;
				CLANG_WARN_UNREACHABLE_CODE = YES;
				CLANG_WARN__DUPLICATE_METHOD_MATCH = YES;
				COPY_PHASE_STRIP = NO;
				DEBUG_INFORMATION_FORMAT = "dwarf-with-dsym";
				ENABLE_NS_ASSERTIONS = NO;
				ENABLE_STRICT_OBJC_MSGSEND = YES;
				GCC_C_LANGUAGE_STANDARD = gnu11;
				GCC_NO_COMMON_BLOCKS = YES;
				GCC_WARN_64_TO_32_BIT_CONVERSION = YES;
				GCC_WARN_ABOUT_RETURN_TYPE = YES_ERROR;
				GCC_WARN_UNDECLARED_SELECTOR = YES;
				GCC_WARN_UNINITIALIZED_AUTOS = YES_AGGRESSIVE;
				GCC_WARN_UNUSED_FUNCTION = YES;
				GCC_WARN_UNUSED_VARIABLE = YES;
				IPHONEOS_DEPLOYMENT_TARGET = 15.5;
				MTL_ENABLE_DEBUG_INFO = NO;
				MTL_FAST_MATH = YES;
				SDKROOT = iphoneos;
				SWIFT_COMPILATION_MODE = wholemodule;
				SWIFT_OPTIMIZATION_LEVEL = "-O";
				VALIDATE_PRODUCT = YES;
			};
			name = Release;
		};
		8553581A28E6E0E3004BEBD7 /* Debug */ = {
			isa = XCBuildConfiguration;
			buildSettings = {
				ASSETCATALOG_COMPILER_APPICON_NAME = AppIcon;
				ASSETCATALOG_COMPILER_GLOBAL_ACCENT_COLOR_NAME = AccentColor;
				CODE_SIGN_STYLE = Automatic;
				CURRENT_PROJECT_VERSION = 1;
				GENERATE_INFOPLIST_FILE = YES;
				INFOPLIST_FILE = sabobruskinaHW3/Info.plist;
				INFOPLIST_KEY_UIApplicationSupportsIndirectInputEvents = YES;
				INFOPLIST_KEY_UILaunchStoryboardName = LaunchScreen;
				INFOPLIST_KEY_UISupportedInterfaceOrientations_iPad = "UIInterfaceOrientationPortrait UIInterfaceOrientationPortraitUpsideDown UIInterfaceOrientationLandscapeLeft UIInterfaceOrientationLandscapeRight";
				INFOPLIST_KEY_UISupportedInterfaceOrientations_iPhone = "UIInterfaceOrientationPortrait UIInterfaceOrientationLandscapeLeft UIInterfaceOrientationLandscapeRight";
				LD_RUNPATH_SEARCH_PATHS = (
					"$(inherited)",
					"@executable_path/Frameworks",
				);
				MARKETING_VERSION = 1.0;
				PRODUCT_BUNDLE_IDENTIFIER = com.hse.sabobruskinaHW3;
				PRODUCT_NAME = "$(TARGET_NAME)";
				SWIFT_EMIT_LOC_STRINGS = YES;
				SWIFT_VERSION = 5.0;
				TARGETED_DEVICE_FAMILY = "1,2";
			};
			name = Debug;
		};
		8553581B28E6E0E3004BEBD7 /* Release */ = {
			isa = XCBuildConfiguration;
			buildSettings = {
				ASSETCATALOG_COMPILER_APPICON_NAME = AppIcon;
				ASSETCATALOG_COMPILER_GLOBAL_ACCENT_COLOR_NAME = AccentColor;
				CODE_SIGN_STYLE = Automatic;
				CURRENT_PROJECT_VERSION = 1;
				GENERATE_INFOPLIST_FILE = YES;
				INFOPLIST_FILE = sabobruskinaHW3/Info.plist;
				INFOPLIST_KEY_UIApplicationSupportsIndirectInputEvents = YES;
				INFOPLIST_KEY_UILaunchStoryboardName = LaunchScreen;
				INFOPLIST_KEY_UISupportedInterfaceOrientations_iPad = "UIInterfaceOrientationPortrait UIInterfaceOrientationPortraitUpsideDown UIInterfaceOrientationLandscapeLeft UIInterfaceOrientationLandscapeRight";
				INFOPLIST_KEY_UISupportedInterfaceOrientations_iPhone = "UIInterfaceOrientationPortrait UIInterfaceOrientationLandscapeLeft UIInterfaceOrientationLandscapeRight";
				LD_RUNPATH_SEARCH_PATHS = (
					"$(inherited)",
					"@executable_path/Frameworks",
				);
				MARKETING_VERSION = 1.0;
				PRODUCT_BUNDLE_IDENTIFIER = com.hse.sabobruskinaHW3;
				PRODUCT_NAME = "$(TARGET_NAME)";
				SWIFT_EMIT_LOC_STRINGS = YES;
				SWIFT_VERSION = 5.0;
				TARGETED_DEVICE_FAMILY = "1,2";
			};
			name = Release;
		};
/* End XCBuildConfiguration section */

/* Begin XCConfigurationList section */
		8553580028E6E0E1004BEBD7 /* Build configuration list for PBXProject "sabobruskinaHW3" */ = {
			isa = XCConfigurationList;
			buildConfigurations = (
				8553581728E6E0E3004BEBD7 /* Debug */,
				8553581828E6E0E3004BEBD7 /* Release */,
			);
			defaultConfigurationIsVisible = 0;
			defaultConfigurationName = Release;
		};
		8553581928E6E0E3004BEBD7 /* Build configuration list for PBXNativeTarget "sabobruskinaHW3" */ = {
			isa = XCConfigurationList;
			buildConfigurations = (
				8553581A28E6E0E3004BEBD7 /* Debug */,
				8553581B28E6E0E3004BEBD7 /* Release */,
			);
			defaultConfigurationIsVisible = 0;
			defaultConfigurationName = Release;
		};
/* End XCConfigurationList section */
	};
	rootObject = 855357FD28E6E0E1004BEBD7 /* Project object */;
}
